
Microsoft Visual Studio Solution File, Format Version 12.00
# Visual Studio Version 17
VisualStudioVersion = 17.13.35818.85 d17.13
MinimumVisualStudioVersion = 10.0.40219.1
Project("{FAE04EC0-301F-11D3-BF4B-00C04F79EFBC}") = "tpmodul5_103022300095", "tpmodul5_103022300095.csproj", "{0A2A1D21-3654-4571-B443-9DB871FD085C}"
EndProject
Global
	GlobalSection(SolutionConfigurationPlatforms) = preSolution
		Debug|Any CPU = Debug|Any CPU
		Release|Any CPU = Release|Any CPU
	EndGlobalSection
	GlobalSection(ProjectConfigurationPlatforms) = postSolution
		{0A2A1D21-3654-4571-B443-9DB871FD085C}.Debug|Any CPU.ActiveCfg = Debug|Any CPU
		{0A2A1D21-3654-4571-B443-9DB871FD085C}.Debug|Any CPU.Build.0 = Debug|Any CPU
		{0A2A1D21-3654-4571-B443-9DB871FD085C}.Release|Any CPU.ActiveCfg = Release|Any CPU
		{0A2A1D21-3654-4571-B443-9DB871FD085C}.Release|Any CPU.Build.0 = Release|Any CPU
	EndGlobalSection
	GlobalSection(SolutionProperties) = preSolution
		HideSolutionNode = FALSE
	EndGlobalSection
	GlobalSection(ExtensibilityGlobals) = postSolution
		SolutionGuid = {60DF4050-D69B-4AAE-A468-A949219AE7D0}
	EndGlobalSection
EndGlobal
